dependencies:
- name: mysql
  repository: https://kubernetes-charts.storage.googleapis.com/
  version: 1.1.0
- name: rabbitmq
  repository: https://kubernetes-charts.storage.googleapis.com/
  version: 6.8.3
- name: rabbitmq-ha
  repository: https://kubernetes-charts.storage.googleapis.com/
  version: 1.34.1
- name: kafka
  repository: https://kubernetes-charts-incubator.storage.googleapis.com/
  version: 0.13.11
- name: prometheus
  repository: https://kubernetes-charts.storage.googleapis.com/
  version: 9.3.1
- name: grafana
  repository: https://kubernetes-charts.storage.googleapis.com/
  version: 4.0.2
digest: sha256:11bf35f64ff188ebb0f4118212be6468609bafedf3b8f88486b04345a3225c0e
generated: "2020-01-23T11:15:45.234801955Z"
