dependencies:
- name: mysql
  repository: https://kubernetes-charts.storage.googleapis.com/
  version: 1.1.0
- name: rabbitmq
  repository: https://kubernetes-charts.storage.googleapis.com/
  version: 0.6.16
- name: rabbitmq-ha
  repository: https://kubernetes-charts.storage.googleapis.com/
  version: 1.27.1
- name: kafka
  repository: https://kubernetes-charts-incubator.storage.googleapis.com/
  version: 0.13.11
- name: prometheus
  repository: https://kubernetes-charts.storage.googleapis.com/
  version: 9.3.1
- name: grafana
  repository: https://kubernetes-charts.storage.googleapis.com/
  version: 4.0.2
digest: sha256:1f781ee645406d3372bf80924f9e5e6f04812354fb5c2aa03601c8f8c932723f
generated: "2020-01-23T10:50:40.944856621Z"
